// !$*UTF8*$!
{
	archiveVersion = 1;
	classes = {
	};
	objectVersion = 77;
	objects = {

/* Begin PBXBuildFile section */
		0D33490FDAD3EC16608BB7D1 /* RepositoryError.swift in Sources */ = {isa = PBXBuildFile; fileRef = F5140689996A08431939571F /* RepositoryError.swift */; };
		2E7992C5783732F4095EDFFB /* JMdictImporterTests.swift in Sources */ = {isa = PBXBuildFile; fileRef = 2AFAC486002BFE035971F641 /* JMdictImporterTests.swift */; };
		3185175C19D15F43E820C32B /* LocalRepository.swift in Sources */ = {isa = PBXBuildFile; fileRef = 6A49142EBE92B4AE1F77830E /* LocalRepository.swift */; };
		364A03C93D9E279F38E69932 /* SM2.swift in Sources */ = {isa = PBXBuildFile; fileRef = D8956FF5A4628C6E68941E81 /* SM2.swift */; };
		3B17C1C98AA7FC9CFACA65FB /* SchedulerTests.swift in Sources */ = {isa = PBXBuildFile; fileRef = C67FF2632D8E37887BF52CDC /* SchedulerTests.swift */; };
		45E7F5E2395A9FA4A7F0CAE5 /* VocabCard.swift in Sources */ = {isa = PBXBuildFile; fileRef = CE641C0D3BA209FB72BCAF91 /* VocabCard.swift */; };
		486468A67483CF7CD4E07621 /* LocalRepositoryTests.swift in Sources */ = {isa = PBXBuildFile; fileRef = C7F78AF106F1F094458FDA39 /* LocalRepositoryTests.swift */; };
		4F8AB8FAF2CE4DBCD45E866B /* CardScheduler.swift in Sources */ = {isa = PBXBuildFile; fileRef = 9358DB8E233AA64ECD286F70 /* CardScheduler.swift */; };
		5CB7151ED967BE3236ED6DEA /* SRSUpdate.swift in Sources */ = {isa = PBXBuildFile; fileRef = 0583774D090E7CCC055DC695 /* SRSUpdate.swift */; };
		6E3731B5B1F342297B019A8D /* SRSSnapshot.swift in Sources */ = {isa = PBXBuildFile; fileRef = AA16DD551C02FF59700EEDB8 /* SRSSnapshot.swift */; };
		70CC7BE67737215216D6F948 /* jmdict_sample.json in Resources */ = {isa = PBXBuildFile; fileRef = 4B095E79884E7580F9C4A943 /* jmdict_sample.json */; };
		B50191D8FB52E9CA57BD6711 /* JMdictImporter.swift in Sources */ = {isa = PBXBuildFile; fileRef = BED89E9A610A29F012AF45D8 /* JMdictImporter.swift */; };
		D18BAC3DEAE6F579C45B51C5 /* JMdictEntry.swift in Sources */ = {isa = PBXBuildFile; fileRef = 992770CC5CE815B6BF058CD8 /* JMdictEntry.swift */; };
		D9E9F518915B3D00F61A76D0 /* JLPTLevel.swift in Sources */ = {isa = PBXBuildFile; fileRef = D4B977B7079808390171797E /* JLPTLevel.swift */; };
		DC250F4DAD48FC4319943541 /* SRSStateTests.swift in Sources */ = {isa = PBXBuildFile; fileRef = 7D13AC049DA2E1DB481140B7 /* SRSStateTests.swift */; };
		E84FB42EAF5F400E37795C6F /* SRSState.swift in Sources */ = {isa = PBXBuildFile; fileRef = 4527EDE1044FFF5C62084B7C /* SRSState.swift */; };
		F44B01AEAC12C87CA6086979 /* SM2Tests.swift in Sources */ = {isa = PBXBuildFile; fileRef = 395DEA2A3946441D3CD0723A /* SM2Tests.swift */; };
		F62E5259BAC4090A6B5B8DC1 /* SRSQuality.swift in Sources */ = {isa = PBXBuildFile; fileRef = 64B28D80CBEFA6A5AF6050C5 /* SRSQuality.swift */; };
/* End PBXBuildFile section */

/* Begin PBXContainerItemProxy section */
		801A7FCD2F8A8B6B00292277 /* PBXContainerItemProxy */ = {
			isa = PBXContainerItemProxy;
			containerPortal = 801A7FB52F8A8B6A00292277 /* Project object */;
			proxyType = 1;
			remoteGlobalIDString = 801A7FBC2F8A8B6A00292277;
			remoteInfo = JLPTDeck;
		};
		801A7FD72F8A8B6B00292277 /* PBXContainerItemProxy */ = {
			isa = PBXContainerItemProxy;
			containerPortal = 801A7FB52F8A8B6A00292277 /* Project object */;
			proxyType = 1;
			remoteGlobalIDString = 801A7FBC2F8A8B6A00292277;
			remoteInfo = JLPTDeck;
		};
/* End PBXContainerItemProxy section */

/* Begin PBXFileReference section */
		0583774D090E7CCC055DC695 /* SRSUpdate.swift */ = {isa = PBXFileReference; includeInIndex = 1; lastKnownFileType = sourcecode.swift; path = SRSUpdate.swift; sourceTree = "<group>"; };
		2AFAC486002BFE035971F641 /* JMdictImporterTests.swift */ = {isa = PBXFileReference; includeInIndex = 1; lastKnownFileType = sourcecode.swift; path = JMdictImporterTests.swift; sourceTree = "<group>"; };
		395DEA2A3946441D3CD0723A /* SM2Tests.swift */ = {isa = PBXFileReference; includeInIndex = 1; lastKnownFileType = sourcecode.swift; path = SM2Tests.swift; sourceTree = "<group>"; };
		4527EDE1044FFF5C62084B7C /* SRSState.swift */ = {isa = PBXFileReference; includeInIndex = 1; lastKnownFileType = sourcecode.swift; path = SRSState.swift; sourceTree = "<group>"; };
		4B095E79884E7580F9C4A943 /* jmdict_sample.json */ = {isa = PBXFileReference; includeInIndex = 1; path = jmdict_sample.json; sourceTree = "<group>"; };
		64B28D80CBEFA6A5AF6050C5 /* SRSQuality.swift */ = {isa = PBXFileReference; includeInIndex = 1; lastKnownFileType = sourcecode.swift; path = SRSQuality.swift; sourceTree = "<group>"; };
		6A49142EBE92B4AE1F77830E /* LocalRepository.swift */ = {isa = PBXFileReference; includeInIndex = 1; lastKnownFileType = sourcecode.swift; path = LocalRepository.swift; sourceTree = "<group>"; };
		7D13AC049DA2E1DB481140B7 /* SRSStateTests.swift */ = {isa = PBXFileReference; includeInIndex = 1; lastKnownFileType = sourcecode.swift; path = SRSStateTests.swift; sourceTree = "<group>"; };
		801A7FBD2F8A8B6A00292277 /* JLPTDeck.app */ = {isa = PBXFileReference; explicitFileType = wrapper.application; includeInIndex = 0; path = JLPTDeck.app; sourceTree = BUILT_PRODUCTS_DIR; };
		801A7FCC2F8A8B6B00292277 /* JLPTDeckTests.xctest */ = {isa = PBXFileReference; explicitFileType = wrapper.cfbundle; includeInIndex = 0; path = JLPTDeckTests.xctest; sourceTree = BUILT_PRODUCTS_DIR; };
		801A7FD62F8A8B6B00292277 /* JLPTDeckUITests.xctest */ = {isa = PBXFileReference; explicitFileType = wrapper.cfbundle; includeInIndex = 0; path = JLPTDeckUITests.xctest; sourceTree = BUILT_PRODUCTS_DIR; };
		9358DB8E233AA64ECD286F70 /* CardScheduler.swift */ = {isa = PBXFileReference; includeInIndex = 1; lastKnownFileType = sourcecode.swift; path = CardScheduler.swift; sourceTree = "<group>"; };
		992770CC5CE815B6BF058CD8 /* JMdictEntry.swift */ = {isa = PBXFileReference; includeInIndex = 1; lastKnownFileType = sourcecode.swift; path = JMdictEntry.swift; sourceTree = "<group>"; };
		AA16DD551C02FF59700EEDB8 /* SRSSnapshot.swift */ = {isa = PBXFileReference; includeInIndex = 1; lastKnownFileType = sourcecode.swift; path = SRSSnapshot.swift; sourceTree = "<group>"; };
		BED89E9A610A29F012AF45D8 /* JMdictImporter.swift */ = {isa = PBXFileReference; includeInIndex = 1; lastKnownFileType = sourcecode.swift; path = JMdictImporter.swift; sourceTree = "<group>"; };
		C67FF2632D8E37887BF52CDC /* SchedulerTests.swift */ = {isa = PBXFileReference; includeInIndex = 1; lastKnownFileType = sourcecode.swift; path = SchedulerTests.swift; sourceTree = "<group>"; };
		C7F78AF106F1F094458FDA39 /* LocalRepositoryTests.swift */ = {isa = PBXFileReference; includeInIndex = 1; lastKnownFileType = sourcecode.swift; path = LocalRepositoryTests.swift; sourceTree = "<group>"; };
		CE641C0D3BA209FB72BCAF91 /* VocabCard.swift */ = {isa = PBXFileReference; includeInIndex = 1; lastKnownFileType = sourcecode.swift; path = VocabCard.swift; sourceTree = "<group>"; };
		D4B977B7079808390171797E /* JLPTLevel.swift */ = {isa = PBXFileReference; includeInIndex = 1; lastKnownFileType = sourcecode.swift; path = JLPTLevel.swift; sourceTree = "<group>"; };
		D8956FF5A4628C6E68941E81 /* SM2.swift */ = {isa = PBXFileReference; includeInIndex = 1; lastKnownFileType = sourcecode.swift; path = SM2.swift; sourceTree = "<group>"; };
		F5140689996A08431939571F /* RepositoryError.swift */ = {isa = PBXFileReference; includeInIndex = 1; lastKnownFileType = sourcecode.swift; path = RepositoryError.swift; sourceTree = "<group>"; };
/* End PBXFileReference section */

/* Begin PBXFileSystemSynchronizedRootGroup section */
		801A7FBF2F8A8B6A00292277 /* JLPTDeck */ = {
			isa = PBXFileSystemSynchronizedRootGroup;
			exceptions = (
			);
			path = JLPTDeck;
			sourceTree = "<group>";
		};
		801A7FCF2F8A8B6B00292277 /* JLPTDeckTests */ = {
			isa = PBXFileSystemSynchronizedRootGroup;
			exceptions = (
			);
			path = JLPTDeckTests;
			sourceTree = "<group>";
		};
		801A7FD92F8A8B6B00292277 /* JLPTDeckUITests */ = {
			isa = PBXFileSystemSynchronizedRootGroup;
			exceptions = (
			);
			path = JLPTDeckUITests;
			sourceTree = "<group>";
		};
/* End PBXFileSystemSynchronizedRootGroup section */

/* Begin PBXFrameworksBuildPhase section */
		801A7FBA2F8A8B6A00292277 /* Frameworks */ = {
			isa = PBXFrameworksBuildPhase;
			buildActionMask = 2147483647;
			files = (
			);
			runOnlyForDeploymentPostprocessing = 0;
		};
		801A7FC92F8A8B6B00292277 /* Frameworks */ = {
			isa = PBXFrameworksBuildPhase;
			buildActionMask = 2147483647;
			files = (
			);
			runOnlyForDeploymentPostprocessing = 0;
		};
		801A7FD32F8A8B6B00292277 /* Frameworks */ = {
			isa = PBXFrameworksBuildPhase;
			buildActionMask = 2147483647;
			files = (
			);
			runOnlyForDeploymentPostprocessing = 0;
		};
/* End PBXFrameworksBuildPhase section */

/* Begin PBXGroup section */
		11F479FDF6E4F87E0F19CEC5 /* Data */ = {
			isa = PBXGroup;
			children = (
				2AFAC486002BFE035971F641 /* JMdictImporterTests.swift */,
				C7F78AF106F1F094458FDA39 /* LocalRepositoryTests.swift */,
				A7BAAADB2623AD272678F524 /* Fixtures */,
			);
			name = Data;
			path = Data;
			sourceTree = "<group>";
		};
		2EC0E98D68F37FFEB0979F69 /* SRS */ = {
			isa = PBXGroup;
			children = (
				64B28D80CBEFA6A5AF6050C5 /* SRSQuality.swift */,
				0583774D090E7CCC055DC695 /* SRSUpdate.swift */,
				AA16DD551C02FF59700EEDB8 /* SRSSnapshot.swift */,
				D8956FF5A4628C6E68941E81 /* SM2.swift */,
				9358DB8E233AA64ECD286F70 /* CardScheduler.swift */,
			);
			name = SRS;
			path = SRS;
			sourceTree = "<group>";
		};
		3857C50A77F83204AFE89618 /* Data */ = {
			isa = PBXGroup;
			children = (
				6BF1CC39C9235DE2A32F5AF0 /* Models */,
				ECAC43C86B8BF0718D5E6F91 /* JMdict */,
				C17EF93BEE6C6B519B5FF53C /* Repository */,
			);
			name = Data;
			path = Data;
			sourceTree = "<group>";
		};
		6BF1CC39C9235DE2A32F5AF0 /* Models */ = {
			isa = PBXGroup;
			children = (
				4527EDE1044FFF5C62084B7C /* SRSState.swift */,
				CE641C0D3BA209FB72BCAF91 /* VocabCard.swift */,
			);
			name = Models;
			path = Models;
			sourceTree = "<group>";
		};
		801A7FB42F8A8B6A00292277 = {
			isa = PBXGroup;
			children = (
				801A7FBF2F8A8B6A00292277 /* JLPTDeck */,
				801A7FCF2F8A8B6B00292277 /* JLPTDeckTests */,
				801A7FD92F8A8B6B00292277 /* JLPTDeckUITests */,
				801A7FBE2F8A8B6A00292277 /* Products */,
				B023690E550BC652688728BA /* JLPTDeck */,
				A8CACFEBD6FEF9CB5788468E /* JLPTDeckTests */,
			);
			sourceTree = "<group>";
		};
		801A7FBE2F8A8B6A00292277 /* Products */ = {
			isa = PBXGroup;
			children = (
				801A7FBD2F8A8B6A00292277 /* JLPTDeck.app */,
				801A7FCC2F8A8B6B00292277 /* JLPTDeckTests.xctest */,
				801A7FD62F8A8B6B00292277 /* JLPTDeckUITests.xctest */,
			);
			name = Products;
			sourceTree = "<group>";
		};
		90BC2594BE1155E94BE4B0AB /* SRS */ = {
			isa = PBXGroup;
			children = (
				395DEA2A3946441D3CD0723A /* SM2Tests.swift */,
				C67FF2632D8E37887BF52CDC /* SchedulerTests.swift */,
				7D13AC049DA2E1DB481140B7 /* SRSStateTests.swift */,
			);
			name = SRS;
			path = SRS;
			sourceTree = "<group>";
		};
		A7BAAADB2623AD272678F524 /* Fixtures */ = {
			isa = PBXGroup;
			children = (
				4B095E79884E7580F9C4A943 /* jmdict_sample.json */,
			);
			name = Fixtures;
			path = Fixtures;
			sourceTree = "<group>";
		};
		A8CACFEBD6FEF9CB5788468E /* JLPTDeckTests */ = {
			isa = PBXGroup;
			children = (
				90BC2594BE1155E94BE4B0AB /* SRS */,
				11F479FDF6E4F87E0F19CEC5 /* Data */,
			);
			name = JLPTDeckTests;
			path = JLPTDeckTests;
			sourceTree = "<group>";
		};
		B023690E550BC652688728BA /* JLPTDeck */ = {
			isa = PBXGroup;
			children = (
				F7939D9B64C3D782BAD06459 /* Domain */,
				3857C50A77F83204AFE89618 /* Data */,
			);
			name = JLPTDeck;
			path = JLPTDeck;
			sourceTree = "<group>";
		};
		C17EF93BEE6C6B519B5FF53C /* Repository */ = {
			isa = PBXGroup;
			children = (
				F5140689996A08431939571F /* RepositoryError.swift */,
				6A49142EBE92B4AE1F77830E /* LocalRepository.swift */,
			);
			name = Repository;
			path = Repository;
			sourceTree = "<group>";
		};
		ECAC43C86B8BF0718D5E6F91 /* JMdict */ = {
			isa = PBXGroup;
			children = (
				D4B977B7079808390171797E /* JLPTLevel.swift */,
				992770CC5CE815B6BF058CD8 /* JMdictEntry.swift */,
				BED89E9A610A29F012AF45D8 /* JMdictImporter.swift */,
			);
			name = JMdict;
			path = JMdict;
			sourceTree = "<group>";
		};
		F7939D9B64C3D782BAD06459 /* Domain */ = {
			isa = PBXGroup;
			children = (
				2EC0E98D68F37FFEB0979F69 /* SRS */,
			);
			name = Domain;
			path = Domain;
			sourceTree = "<group>";
		};
/* End PBXGroup section */

/* Begin PBXNativeTarget section */
		801A7FBC2F8A8B6A00292277 /* JLPTDeck */ = {
			isa = PBXNativeTarget;
			buildConfigurationList = 801A7FE02F8A8B6B00292277 /* Build configuration list for PBXNativeTarget "JLPTDeck" */;
			buildPhases = (
				801A7FB92F8A8B6A00292277 /* Sources */,
				801A7FBA2F8A8B6A00292277 /* Frameworks */,
				801A7FBB2F8A8B6A00292277 /* Resources */,
			);
			buildRules = (
			);
			dependencies = (
			);
			fileSystemSynchronizedGroups = (
				801A7FBF2F8A8B6A00292277 /* JLPTDeck */,
			);
			name = JLPTDeck;
			productName = JLPTDeck;
			productReference = 801A7FBD2F8A8B6A00292277 /* JLPTDeck.app */;
			productType = "com.apple.product-type.application";
		};
		801A7FCB2F8A8B6B00292277 /* JLPTDeckTests */ = {
			isa = PBXNativeTarget;
			buildConfigurationList = 801A7FE32F8A8B6B00292277 /* Build configuration list for PBXNativeTarget "JLPTDeckTests" */;
			buildPhases = (
				801A7FC82F8A8B6B00292277 /* Sources */,
				801A7FC92F8A8B6B00292277 /* Frameworks */,
				801A7FCA2F8A8B6B00292277 /* Resources */,
			);
			buildRules = (
			);
			dependencies = (
				801A7FCE2F8A8B6B00292277 /* PBXTargetDependency */,
			);
			fileSystemSynchronizedGroups = (
				801A7FCF2F8A8B6B00292277 /* JLPTDeckTests */,
			);
			name = JLPTDeckTests;
			productName = JLPTDeckTests;
			productReference = 801A7FCC2F8A8B6B00292277 /* JLPTDeckTests.xctest */;
			productType = "com.apple.product-type.bundle.unit-test";
		};
		801A7FD52F8A8B6B00292277 /* JLPTDeckUITests */ = {
			isa = PBXNativeTarget;
			buildConfigurationList = 801A7FE62F8A8B6B00292277 /* Build configuration list for PBXNativeTarget "JLPTDeckUITests" */;
			buildPhases = (
				801A7FD22F8A8B6B00292277 /* Sources */,
				801A7FD32F8A8B6B00292277 /* Frameworks */,
				801A7FD42F8A8B6B00292277 /* Resources */,
			);
			buildRules = (
			);
			dependencies = (
				801A7FD82F8A8B6B00292277 /* PBXTargetDependency */,
			);
			fileSystemSynchronizedGroups = (
				801A7FD92F8A8B6B00292277 /* JLPTDeckUITests */,
			);
			name = JLPTDeckUITests;
			productName = JLPTDeckUITests;
			productReference = 801A7FD62F8A8B6B00292277 /* JLPTDeckUITests.xctest */;
			productType = "com.apple.product-type.bundle.ui-testing";
		};
/* End PBXNativeTarget section */

/* Begin PBXProject section */
		801A7FB52F8A8B6A00292277 /* Project object */ = {
			isa = PBXProject;
			attributes = {
				BuildIndependentTargetsInParallel = 1;
				LastSwiftUpdateCheck = 2600;
				LastUpgradeCheck = 2600;
				TargetAttributes = {
					801A7FBC2F8A8B6A00292277 = {
						CreatedOnToolsVersion = 26.0.1;
					};
					801A7FCB2F8A8B6B00292277 = {
						CreatedOnToolsVersion = 26.0.1;
						TestTargetID = 801A7FBC2F8A8B6A00292277;
					};
					801A7FD52F8A8B6B00292277 = {
						CreatedOnToolsVersion = 26.0.1;
						TestTargetID = 801A7FBC2F8A8B6A00292277;
					};
				};
			};
			buildConfigurationList = 801A7FB82F8A8B6A00292277 /* Build configuration list for PBXProject "JLPTDeck" */;
			developmentRegion = en;
			hasScannedForEncodings = 0;
			knownRegions = (
				en,
				Base,
			);
			mainGroup = 801A7FB42F8A8B6A00292277;
			minimizedProjectReferenceProxies = 1;
			preferredProjectObjectVersion = 77;
			productRefGroup = 801A7FBE2F8A8B6A00292277 /* Products */;
			projectDirPath = "";
			projectRoot = "";
			targets = (
				801A7FBC2F8A8B6A00292277 /* JLPTDeck */,
				801A7FCB2F8A8B6B00292277 /* JLPTDeckTests */,
				801A7FD52F8A8B6B00292277 /* JLPTDeckUITests */,
			);
		};
/* End PBXProject section */

/* Begin PBXResourcesBuildPhase section */
		801A7FBB2F8A8B6A00292277 /* Resources */ = {
			isa = PBXResourcesBuildPhase;
			buildActionMask = 2147483647;
			files = (
			);
			runOnlyForDeploymentPostprocessing = 0;
		};
		801A7FCA2F8A8B6B00292277 /* Resources */ = {
			isa = PBXResourcesBuildPhase;
			buildActionMask = 2147483647;
			files = (
				70CC7BE67737215216D6F948 /* jmdict_sample.json in Resources */,
			);
			runOnlyForDeploymentPostprocessing = 0;
		};
		801A7FD42F8A8B6B00292277 /* Resources */ = {
			isa = PBXResourcesBuildPhase;
			buildActionMask = 2147483647;
			files = (
			);
			runOnlyForDeploymentPostprocessing = 0;
		};
/* End PBXResourcesBuildPhase section */

/* Begin PBXSourcesBuildPhase section */
		801A7FB92F8A8B6A00292277 /* Sources */ = {
			isa = PBXSourcesBuildPhase;
			buildActionMask = 2147483647;
			files = (
				F62E5259BAC4090A6B5B8DC1 /* SRSQuality.swift in Sources */,
				5CB7151ED967BE3236ED6DEA /* SRSUpdate.swift in Sources */,
				6E3731B5B1F342297B019A8D /* SRSSnapshot.swift in Sources */,
				364A03C93D9E279F38E69932 /* SM2.swift in Sources */,
				4F8AB8FAF2CE4DBCD45E866B /* CardScheduler.swift in Sources */,
				E84FB42EAF5F400E37795C6F /* SRSState.swift in Sources */,
				45E7F5E2395A9FA4A7F0CAE5 /* VocabCard.swift in Sources */,
				D9E9F518915B3D00F61A76D0 /* JLPTLevel.swift in Sources */,
				D18BAC3DEAE6F579C45B51C5 /* JMdictEntry.swift in Sources */,
				B50191D8FB52E9CA57BD6711 /* JMdictImporter.swift in Sources */,
				0D33490FDAD3EC16608BB7D1 /* RepositoryError.swift in Sources */,
				3185175C19D15F43E820C32B /* LocalRepository.swift in Sources */,
			);
			runOnlyForDeploymentPostprocessing = 0;
		};
		801A7FC82F8A8B6B00292277 /* Sources */ = {
			isa = PBXSourcesBuildPhase;
			buildActionMask = 2147483647;
			files = (
				F44B01AEAC12C87CA6086979 /* SM2Tests.swift in Sources */,
				3B17C1C98AA7FC9CFACA65FB /* SchedulerTests.swift in Sources */,
				DC250F4DAD48FC4319943541 /* SRSStateTests.swift in Sources */,
				2E7992C5783732F4095EDFFB /* JMdictImporterTests.swift in Sources */,
				486468A67483CF7CD4E07621 /* LocalRepositoryTests.swift in Sources */,
			);
			runOnlyForDeploymentPostprocessing = 0;
		};
		801A7FD22F8A8B6B00292277 /* Sources */ = {
			isa = PBXSourcesBuildPhase;
			buildActionMask = 2147483647;
			files = (
			);
			runOnlyForDeploymentPostprocessing = 0;
		};
/* End PBXSourcesBuildPhase section */

/* Begin PBXTargetDependency section */
		801A7FCE2F8A8B6B00292277 /* PBXTargetDependency */ = {
			isa = PBXTargetDependency;
			target = 801A7FBC2F8A8B6A00292277 /* JLPTDeck */;
			targetProxy = 801A7FCD2F8A8B6B00292277 /* PBXContainerItemProxy */;
		};
		801A7FD82F8A8B6B00292277 /* PBXTargetDependency */ = {
			isa = PBXTargetDependency;
			target = 801A7FBC2F8A8B6A00292277 /* JLPTDeck */;
			targetProxy = 801A7FD72F8A8B6B00292277 /* PBXContainerItemProxy */;
		};
/* End PBXTargetDependency section */

/* Begin XCBuildConfiguration section */
		801A7FDE2F8A8B6B00292277 /* Debug */ = {
			isa = XCBuildConfiguration;
			buildSettings = {
				ALWAYS_SEARCH_USER_PATHS = NO;
				ASSETCATALOG_COMPILER_GENERATE_SWIFT_ASSET_SYMBOL_EXTENSIONS = YES;
				CLANG_ANALYZER_NONNULL = YES;
				CLANG_ANALYZER_NUMBER_OBJECT_CONVERSION = YES_AGGRESSIVE;
				CLANG_CXX_LANGUAGE_STANDARD = "gnu++20";
				CLANG_ENABLE_MODULES = YES;
				CLANG_ENABLE_OBJC_ARC = YES;
				CLANG_ENABLE_OBJC_WEAK = YES;
				CLANG_WARN_BLOCK_CAPTURE_AUTORELEASING = YES;
				CLANG_WARN_BOOL_CONVERSION = YES;
				CLANG_WARN_COMMA = YES;
				CLANG_WARN_CONSTANT_CONVERSION = YES;
				CLANG_WARN_DEPRECATED_OBJC_IMPLEMENTATIONS = YES;
				CLANG_WARN_DIRECT_OBJC_ISA_USAGE = YES_ERROR;
				CLANG_WARN_DOCUMENTATION_COMMENTS = YES;
				CLANG_WARN_EMPTY_BODY = YES;
				CLANG_WARN_ENUM_CONVERSION = YES;
				CLANG_WARN_INFINITE_RECURSION = YES;
				CLANG_WARN_INT_CONVERSION = YES;
				CLANG_WARN_NON_LITERAL_NULL_CONVERSION = YES;
				CLANG_WARN_OBJC_IMPLICIT_RETAIN_SELF = YES;
				CLANG_WARN_OBJC_LITERAL_CONVERSION = YES;
				CLANG_WARN_OBJC_ROOT_CLASS = YES_ERROR;
				CLANG_WARN_QUOTED_INCLUDE_IN_FRAMEWORK_HEADER = YES;
				CLANG_WARN_RANGE_LOOP_ANALYSIS = YES;
				CLANG_WARN_STRICT_PROTOTYPES = YES;
				CLANG_WARN_SUSPICIOUS_MOVE = YES;
				CLANG_WARN_UNGUARDED_AVAILABILITY = YES_AGGRESSIVE;
				CLANG_WARN_UNREACHABLE_CODE = YES;
				CLANG_WARN__DUPLICATE_METHOD_MATCH = YES;
				COPY_PHASE_STRIP = NO;
				DEBUG_INFORMATION_FORMAT = dwarf;
				DEVELOPMENT_TEAM = HCL3R5DRWV;
				ENABLE_STRICT_OBJC_MSGSEND = YES;
				ENABLE_TESTABILITY = YES;
				ENABLE_USER_SCRIPT_SANDBOXING = YES;
				GCC_C_LANGUAGE_STANDARD = gnu17;
				GCC_DYNAMIC_NO_PIC = NO;
				GCC_NO_COMMON_BLOCKS = YES;
				GCC_OPTIMIZATION_LEVEL = 0;
				GCC_PREPROCESSOR_DEFINITIONS = (
					"DEBUG=1",
					"$(inherited)",
				);
				GCC_WARN_64_TO_32_BIT_CONVERSION = YES;
				GCC_WARN_ABOUT_RETURN_TYPE = YES_ERROR;
				GCC_WARN_UNDECLARED_SELECTOR = YES;
				GCC_WARN_UNINITIALIZED_AUTOS = YES_AGGRESSIVE;
				GCC_WARN_UNUSED_FUNCTION = YES;
				GCC_WARN_UNUSED_VARIABLE = YES;
				IPHONEOS_DEPLOYMENT_TARGET = 26.0;
				LOCALIZATION_PREFERS_STRING_CATALOGS = YES;
				MTL_ENABLE_DEBUG_INFO = INCLUDE_SOURCE;
				MTL_FAST_MATH = YES;
				ONLY_ACTIVE_ARCH = YES;
				SDKROOT = iphoneos;
				SWIFT_ACTIVE_COMPILATION_CONDITIONS = "DEBUG $(inherited)";
				SWIFT_OPTIMIZATION_LEVEL = "-Onone";
			};
			name = Debug;
		};
		801A7FDF2F8A8B6B00292277 /* Release */ = {
			isa = XCBuildConfiguration;
			buildSettings = {
				ALWAYS_SEARCH_USER_PATHS = NO;
				ASSETCATALOG_COMPILER_GENERATE_SWIFT_ASSET_SYMBOL_EXTENSIONS = YES;
				CLANG_ANALYZER_NONNULL = YES;
				CLANG_ANALYZER_NUMBER_OBJECT_CONVERSION = YES_AGGRESSIVE;
				CLANG_CXX_LANGUAGE_STANDARD = "gnu++20";
				CLANG_ENABLE_MODULES = YES;
				CLANG_ENABLE_OBJC_ARC = YES;
				CLANG_ENABLE_OBJC_WEAK = YES;
				CLANG_WARN_BLOCK_CAPTURE_AUTORELEASING = YES;
				CLANG_WARN_BOOL_CONVERSION = YES;
				CLANG_WARN_COMMA = YES;
				CLANG_WARN_CONSTANT_CONVERSION = YES;
				CLANG_WARN_DEPRECATED_OBJC_IMPLEMENTATIONS = YES;
				CLANG_WARN_DIRECT_OBJC_ISA_USAGE = YES_ERROR;
				CLANG_WARN_DOCUMENTATION_COMMENTS = YES;
				CLANG_WARN_EMPTY_BODY = YES;
				CLANG_WARN_ENUM_CONVERSION = YES;
				CLANG_WARN_INFINITE_RECURSION = YES;
				CLANG_WARN_INT_CONVERSION = YES;
				CLANG_WARN_NON_LITERAL_NULL_CONVERSION = YES;
				CLANG_WARN_OBJC_IMPLICIT_RETAIN_SELF = YES;
				CLANG_WARN_OBJC_LITERAL_CONVERSION = YES;
				CLANG_WARN_OBJC_ROOT_CLASS = YES_ERROR;
				CLANG_WARN_QUOTED_INCLUDE_IN_FRAMEWORK_HEADER = YES;
				CLANG_WARN_RANGE_LOOP_ANALYSIS = YES;
				CLANG_WARN_STRICT_PROTOTYPES = YES;
				CLANG_WARN_SUSPICIOUS_MOVE = YES;
				CLANG_WARN_UNGUARDED_AVAILABILITY = YES_AGGRESSIVE;
				CLANG_WARN_UNREACHABLE_CODE = YES;
				CLANG_WARN__DUPLICATE_METHOD_MATCH = YES;
				COPY_PHASE_STRIP = NO;
				DEBUG_INFORMATION_FORMAT = "dwarf-with-dsym";
				DEVELOPMENT_TEAM = HCL3R5DRWV;
				ENABLE_NS_ASSERTIONS = NO;
				ENABLE_STRICT_OBJC_MSGSEND = YES;
				ENABLE_USER_SCRIPT_SANDBOXING = YES;
				GCC_C_LANGUAGE_STANDARD = gnu17;
				GCC_NO_COMMON_BLOCKS = YES;
				GCC_WARN_64_TO_32_BIT_CONVERSION = YES;
				GCC_WARN_ABOUT_RETURN_TYPE = YES_ERROR;
				GCC_WARN_UNDECLARED_SELECTOR = YES;
				GCC_WARN_UNINITIALIZED_AUTOS = YES_AGGRESSIVE;
				GCC_WARN_UNUSED_FUNCTION = YES;
				GCC_WARN_UNUSED_VARIABLE = YES;
				IPHONEOS_DEPLOYMENT_TARGET = 26.0;
				LOCALIZATION_PREFERS_STRING_CATALOGS = YES;
				MTL_ENABLE_DEBUG_INFO = NO;
				MTL_FAST_MATH = YES;
				SDKROOT = iphoneos;
				SWIFT_COMPILATION_MODE = wholemodule;
				VALIDATE_PRODUCT = YES;
			};
			name = Release;
		};
		801A7FE12F8A8B6B00292277 /* Debug */ = {
			isa = XCBuildConfiguration;
			buildSettings = {
				ASSETCATALOG_COMPILER_APPICON_NAME = AppIcon;
				ASSETCATALOG_COMPILER_GLOBAL_ACCENT_COLOR_NAME = AccentColor;
				CODE_SIGN_STYLE = Automatic;
				CURRENT_PROJECT_VERSION = 1;
				DEVELOPMENT_TEAM = HCL3R5DRWV;
				ENABLE_PREVIEWS = YES;
				GENERATE_INFOPLIST_FILE = YES;
				INFOPLIST_KEY_UIApplicationSceneManifest_Generation = YES;
				INFOPLIST_KEY_UIApplicationSupportsIndirectInputEvents = YES;
				INFOPLIST_KEY_UILaunchScreen_Generation = YES;
				INFOPLIST_KEY_UISupportedInterfaceOrientations_iPad = "UIInterfaceOrientationPortrait UIInterfaceOrientationPortraitUpsideDown UIInterfaceOrientationLandscapeLeft UIInterfaceOrientationLandscapeRight";
				INFOPLIST_KEY_UISupportedInterfaceOrientations_iPhone = "UIInterfaceOrientationPortrait UIInterfaceOrientationLandscapeLeft UIInterfaceOrientationLandscapeRight";
				LD_RUNPATH_SEARCH_PATHS = (
					"$(inherited)",
					"@executable_path/Frameworks",
				);
				MARKETING_VERSION = 1.0;
				PRODUCT_BUNDLE_IDENTIFIER = "com.-jay.ustock.JLPTDeck";
				PRODUCT_NAME = "$(TARGET_NAME)";
				STRING_CATALOG_GENERATE_SYMBOLS = YES;
				SWIFT_APPROACHABLE_CONCURRENCY = YES;
				SWIFT_DEFAULT_ACTOR_ISOLATION = MainActor;
				SWIFT_EMIT_LOC_STRINGS = YES;
				SWIFT_UPCOMING_FEATURE_MEMBER_IMPORT_VISIBILITY = YES;
				SWIFT_VERSION = 5.0;
				TARGETED_DEVICE_FAMILY = "1,2";
			};
			name = Debug;
		};
		801A7FE22F8A8B6B00292277 /* Release */ = {
			isa = XCBuildConfiguration;
			buildSettings = {
				ASSETCATALOG_COMPILER_APPICON_NAME = AppIcon;
				ASSETCATALOG_COMPILER_GLOBAL_ACCENT_COLOR_NAME = AccentColor;
				CODE_SIGN_STYLE = Automatic;
				CURRENT_PROJECT_VERSION = 1;
				DEVELOPMENT_TEAM = HCL3R5DRWV;
				ENABLE_PREVIEWS = YES;
				GENERATE_INFOPLIST_FILE = YES;
				INFOPLIST_KEY_UIApplicationSceneManifest_Generation = YES;
				INFOPLIST_KEY_UIApplicationSupportsIndirectInputEvents = YES;
				INFOPLIST_KEY_UILaunchScreen_Generation = YES;
				INFOPLIST_KEY_UISupportedInterfaceOrientations_iPad = "UIInterfaceOrientationPortrait UIInterfaceOrientationPortraitUpsideDown UIInterfaceOrientationLandscapeLeft UIInterfaceOrientationLandscapeRight";
				INFOPLIST_KEY_UISupportedInterfaceOrientations_iPhone = "UIInterfaceOrientationPortrait UIInterfaceOrientationLandscapeLeft UIInterfaceOrientationLandscapeRight";
				LD_RUNPATH_SEARCH_PATHS = (
					"$(inherited)",
					"@executable_path/Frameworks",
				);
				MARKETING_VERSION = 1.0;
				PRODUCT_BUNDLE_IDENTIFIER = "com.-jay.ustock.JLPTDeck";
				PRODUCT_NAME = "$(TARGET_NAME)";
				STRING_CATALOG_GENERATE_SYMBOLS = YES;
				SWIFT_APPROACHABLE_CONCURRENCY = YES;
				SWIFT_DEFAULT_ACTOR_ISOLATION = MainActor;
				SWIFT_EMIT_LOC_STRINGS = YES;
				SWIFT_UPCOMING_FEATURE_MEMBER_IMPORT_VISIBILITY = YES;
				SWIFT_VERSION = 5.0;
				TARGETED_DEVICE_FAMILY = "1,2";
			};
			name = Release;
		};
		801A7FE42F8A8B6B00292277 /* Debug */ = {
			isa = XCBuildConfiguration;
			buildSettings = {
				BUNDLE_LOADER = "$(TEST_HOST)";
				CODE_SIGN_STYLE = Automatic;
				CURRENT_PROJECT_VERSION = 1;
				DEVELOPMENT_TEAM = HCL3R5DRWV;
				GENERATE_INFOPLIST_FILE = YES;
				IPHONEOS_DEPLOYMENT_TARGET = 26.0;
				MARKETING_VERSION = 1.0;
				PRODUCT_BUNDLE_IDENTIFIER = "com.-jay.ustock.JLPTDeckTests";
				PRODUCT_NAME = "$(TARGET_NAME)";
				STRING_CATALOG_GENERATE_SYMBOLS = NO;
				SWIFT_APPROACHABLE_CONCURRENCY = YES;
				SWIFT_EMIT_LOC_STRINGS = NO;
				SWIFT_UPCOMING_FEATURE_MEMBER_IMPORT_VISIBILITY = YES;
				SWIFT_VERSION = 5.0;
				TARGETED_DEVICE_FAMILY = "1,2";
				TEST_HOST = "$(BUILT_PRODUCTS_DIR)/JLPTDeck.app/$(BUNDLE_EXECUTABLE_FOLDER_PATH)/JLPTDeck";
			};
			name = Debug;
		};
		801A7FE52F8A8B6B00292277 /* Release */ = {
			isa = XCBuildConfiguration;
			buildSettings = {
				BUNDLE_LOADER = "$(TEST_HOST)";
				CODE_SIGN_STYLE = Automatic;
				CURRENT_PROJECT_VERSION = 1;
				DEVELOPMENT_TEAM = HCL3R5DRWV;
				GENERATE_INFOPLIST_FILE = YES;
				IPHONEOS_DEPLOYMENT_TARGET = 26.0;
				MARKETING_VERSION = 1.0;
				PRODUCT_BUNDLE_IDENTIFIER = "com.-jay.ustock.JLPTDeckTests";
				PRODUCT_NAME = "$(TARGET_NAME)";
				STRING_CATALOG_GENERATE_SYMBOLS = NO;
				SWIFT_APPROACHABLE_CONCURRENCY = YES;
				SWIFT_EMIT_LOC_STRINGS = NO;
				SWIFT_UPCOMING_FEATURE_MEMBER_IMPORT_VISIBILITY = YES;
				SWIFT_VERSION = 5.0;
				TARGETED_DEVICE_FAMILY = "1,2";
				TEST_HOST = "$(BUILT_PRODUCTS_DIR)/JLPTDeck.app/$(BUNDLE_EXECUTABLE_FOLDER_PATH)/JLPTDeck";
			};
			name = Release;
		};
		801A7FE72F8A8B6B00292277 /* Debug */ = {
			isa = XCBuildConfiguration;
			buildSettings = {
				CODE_SIGN_STYLE = Automatic;
				CURRENT_PROJECT_VERSION = 1;
				DEVELOPMENT_TEAM = HCL3R5DRWV;
				GENERATE_INFOPLIST_FILE = YES;
				MARKETING_VERSION = 1.0;
				PRODUCT_BUNDLE_IDENTIFIER = "com.-jay.ustock.JLPTDeckUITests";
				PRODUCT_NAME = "$(TARGET_NAME)";
				STRING_CATALOG_GENERATE_SYMBOLS = NO;
				SWIFT_APPROACHABLE_CONCURRENCY = YES;
				SWIFT_EMIT_LOC_STRINGS = NO;
				SWIFT_UPCOMING_FEATURE_MEMBER_IMPORT_VISIBILITY = YES;
				SWIFT_VERSION = 5.0;
				TARGETED_DEVICE_FAMILY = "1,2";
				TEST_TARGET_NAME = JLPTDeck;
			};
			name = Debug;
		};
		801A7FE82F8A8B6B00292277 /* Release */ = {
			isa = XCBuildConfiguration;
			buildSettings = {
				CODE_SIGN_STYLE = Automatic;
				CURRENT_PROJECT_VERSION = 1;
				DEVELOPMENT_TEAM = HCL3R5DRWV;
				GENERATE_INFOPLIST_FILE = YES;
				MARKETING_VERSION = 1.0;
				PRODUCT_BUNDLE_IDENTIFIER = "com.-jay.ustock.JLPTDeckUITests";
				PRODUCT_NAME = "$(TARGET_NAME)";
				STRING_CATALOG_GENERATE_SYMBOLS = NO;
				SWIFT_APPROACHABLE_CONCURRENCY = YES;
				SWIFT_EMIT_LOC_STRINGS = NO;
				SWIFT_UPCOMING_FEATURE_MEMBER_IMPORT_VISIBILITY = YES;
				SWIFT_VERSION = 5.0;
				TARGETED_DEVICE_FAMILY = "1,2";
				TEST_TARGET_NAME = JLPTDeck;
			};
			name = Release;
		};
/* End XCBuildConfiguration section */

/* Begin XCConfigurationList section */
		801A7FB82F8A8B6A00292277 /* Build configuration list for PBXProject "JLPTDeck" */ = {
			isa = XCConfigurationList;
			buildConfigurations = (
				801A7FDE2F8A8B6B00292277 /* Debug */,
				801A7FDF2F8A8B6B00292277 /* Release */,
			);
			defaultConfigurationIsVisible = 0;
			defaultConfigurationName = Release;
		};
		801A7FE02F8A8B6B00292277 /* Build configuration list for PBXNativeTarget "JLPTDeck" */ = {
			isa = XCConfigurationList;
			buildConfigurations = (
				801A7FE12F8A8B6B00292277 /* Debug */,
				801A7FE22F8A8B6B00292277 /* Release */,
			);
			defaultConfigurationIsVisible = 0;
			defaultConfigurationName = Release;
		};
		801A7FE32F8A8B6B00292277 /* Build configuration list for PBXNativeTarget "JLPTDeckTests" */ = {
			isa = XCConfigurationList;
			buildConfigurations = (
				801A7FE42F8A8B6B00292277 /* Debug */,
				801A7FE52F8A8B6B00292277 /* Release */,
			);
			defaultConfigurationIsVisible = 0;
			defaultConfigurationName = Release;
		};
		801A7FE62F8A8B6B00292277 /* Build configuration list for PBXNativeTarget "JLPTDeckUITests" */ = {
			isa = XCConfigurationList;
			buildConfigurations = (
				801A7FE72F8A8B6B00292277 /* Debug */,
				801A7FE82F8A8B6B00292277 /* Release */,
			);
			defaultConfigurationIsVisible = 0;
			defaultConfigurationName = Release;
		};
/* End XCConfigurationList section */
	};
	rootObject = 801A7FB52F8A8B6A00292277 /* Project object */;
}
